
Microsoft Visual Studio Solution File, Format Version 12.00
# Visual Studio Version 17
VisualStudioVersion = 17.9.34728.123
MinimumVisualStudioVersion = 10.0.40219.1
Project("{FAE04EC0-301F-11D3-BF4B-00C04F79EFBC}") = "NewWebApi", "NewWebApi\NewWebApi.csproj", "{C67F4374-F399-4AAF-8BB2-4B5F3015B71B}"
EndProject
Global
	GlobalSection(SolutionConfigurationPlatforms) = preSolution
		Debug|Any CPU = Debug|Any CPU
		Release|Any CPU = Release|Any CPU
	EndGlobalSection
	GlobalSection(ProjectConfigurationPlatforms) = postSolution
		{C67F4374-F399-4AAF-8BB2-4B5F3015B71B}.Debug|Any CPU.ActiveCfg = Debug|Any CPU
		{C67F4374-F399-4AAF-8BB2-4B5F3015B71B}.Debug|Any CPU.Build.0 = Debug|Any CPU
		{C67F4374-F399-4AAF-8BB2-4B5F3015B71B}.Release|Any CPU.ActiveCfg = Release|Any CPU
		{C67F4374-F399-4AAF-8BB2-4B5F3015B71B}.Release|Any CPU.Build.0 = Release|Any CPU
	EndGlobalSection
	GlobalSection(SolutionProperties) = preSolution
		HideSolutionNode = FALSE
	EndGlobalSection
	GlobalSection(ExtensibilityGlobals) = postSolution
		SolutionGuid = {75717004-730D-4F00-8622-1E445BFE6BC8}
	EndGlobalSection
EndGlobal
